{
	"name": "@nyanyajs/nyanyadb",
	"version": "1.0.0",
	"lockfileVersion": 2,
	"requires": true,
	"packages": {
		"": {
			"name": "@nyanyajs/nyanyadb",
			"version": "1.0.0",
			"license": "ISC",
			"dependencies": {
				"blueimp-md5": "^2.19.0",
				"ua-parser-js": "^1.0.2"
			},
			"devDependencies": {
				"@types/blueimp-md5": "^2.18.0",
				"@types/ua-parser-js": "^0.7.36"
			}
		},
		"node_modules/@types/blueimp-md5": {
			"version": "2.18.0",
			"resolved": "https://registry.npm.aiiko.club/@types%2fblueimp-md5/-/blueimp-md5-2.18.0.tgz",
			"integrity": "sha512-f4A+++lGZGJvVSgeyMkqA7BEf2BVQli6F+qEykKb49c5ieWQBkfpn6CP5c1IZr2Yi2Ofl6Fj+v0e1fN18Z8Cnw==",
			"dev": true,
			"license": "MIT"
		},
		"node_modules/@types/ua-parser-js": {
			"version": "0.7.36",
			"resolved": "https://registry.npm.aiiko.club/@types%2fua-parser-js/-/ua-parser-js-0.7.36.tgz",
			"integrity": "sha512-N1rW+njavs70y2cApeIw1vLMYXRwfBy+7trgavGuuTfOd7j1Yh7QTRc/yqsPl6ncokt72ZXuxEU0PiCp9bSwNQ==",
			"dev": true,
			"license": "MIT"
		},
		"node_modules/blueimp-md5": {
			"version": "2.19.0",
			"resolved": "https://registry.npm.aiiko.club/blueimp-md5/-/blueimp-md5-2.19.0.tgz",
			"integrity": "sha512-DRQrD6gJyy8FbiE4s+bDoXS9hiW3Vbx5uCdwvcCf3zLHL+Iv7LtGHLpr+GZV8rHG8tK766FGYBwRbu8pELTt+w==",
			"license": "MIT"
		},
		"node_modules/ua-parser-js": {
			"version": "1.0.2",
			"resolved": "https://registry.npm.aiiko.club/ua-parser-js/-/ua-parser-js-1.0.2.tgz",
			"integrity": "sha512-00y/AXhx0/SsnI51fTc0rLRmafiGOM4/O+ny10Ps7f+j/b8p/ZY11ytMgznXkOVo4GQ+KwQG5UQLkLGirsACRg==",
			"funding": [
				{
					"type": "opencollective",
					"url": "https://opencollective.com/ua-parser-js"
				},
				{
					"type": "paypal",
					"url": "https://paypal.me/faisalman"
				}
			],
			"license": "MIT",
			"engines": {
				"node": "*"
			}
		}
	},
	"dependencies": {
		"@types/blueimp-md5": {
			"version": "2.18.0",
			"resolved": "https://registry.npm.aiiko.club/@types%2fblueimp-md5/-/blueimp-md5-2.18.0.tgz",
			"integrity": "sha512-f4A+++lGZGJvVSgeyMkqA7BEf2BVQli6F+qEykKb49c5ieWQBkfpn6CP5c1IZr2Yi2Ofl6Fj+v0e1fN18Z8Cnw==",
			"dev": true
		},
		"@types/ua-parser-js": {
			"version": "0.7.36",
			"resolved": "https://registry.npm.aiiko.club/@types%2fua-parser-js/-/ua-parser-js-0.7.36.tgz",
			"integrity": "sha512-N1rW+njavs70y2cApeIw1vLMYXRwfBy+7trgavGuuTfOd7j1Yh7QTRc/yqsPl6ncokt72ZXuxEU0PiCp9bSwNQ==",
			"dev": true
		},
		"blueimp-md5": {
			"version": "2.19.0",
			"resolved": "https://registry.npm.aiiko.club/blueimp-md5/-/blueimp-md5-2.19.0.tgz",
			"integrity": "sha512-DRQrD6gJyy8FbiE4s+bDoXS9hiW3Vbx5uCdwvcCf3zLHL+Iv7LtGHLpr+GZV8rHG8tK766FGYBwRbu8pELTt+w=="
		},
		"ua-parser-js": {
			"version": "1.0.2",
			"resolved": "https://registry.npm.aiiko.club/ua-parser-js/-/ua-parser-js-1.0.2.tgz",
			"integrity": "sha512-00y/AXhx0/SsnI51fTc0rLRmafiGOM4/O+ny10Ps7f+j/b8p/ZY11ytMgznXkOVo4GQ+KwQG5UQLkLGirsACRg=="
		}
	}
}
