{
	"name": "@nyanyajs/utils",
	"version": "1.0.0",
	"lockfileVersion": 2,
	"requires": true,
	"packages": {
		"": {
			"name": "@nyanyajs/utils",
			"version": "1.0.0",
			"license": "ISC",
			"dependencies": {
				"big-number": "^2.0.0",
				"blueimp-md5": "^2.19.0",
				"crypto-js": "^4.1.1",
				"jsrsasign": "^10.5.1",
				"ua-parser-js": "^1.0.2"
			},
			"devDependencies": {
				"@types/blueimp-md5": "^2.18.0",
				"@types/ua-parser-js": "^0.7.36"
			}
		},
		"node_modules/@types/blueimp-md5": {
			"version": "2.18.0",
			"resolved": "https://registry.npm.aiiko.club/@types%2fblueimp-md5/-/blueimp-md5-2.18.0.tgz",
			"integrity": "sha512-f4A+++lGZGJvVSgeyMkqA7BEf2BVQli6F+qEykKb49c5ieWQBkfpn6CP5c1IZr2Yi2Ofl6Fj+v0e1fN18Z8Cnw==",
			"dev": true,
			"license": "MIT"
		},
		"node_modules/@types/ua-parser-js": {
			"version": "0.7.36",
			"resolved": "https://registry.npm.aiiko.club/@types%2fua-parser-js/-/ua-parser-js-0.7.36.tgz",
			"integrity": "sha512-N1rW+njavs70y2cApeIw1vLMYXRwfBy+7trgavGuuTfOd7j1Yh7QTRc/yqsPl6ncokt72ZXuxEU0PiCp9bSwNQ==",
			"dev": true,
			"license": "MIT"
		},
		"node_modules/big-number": {
			"version": "2.0.0",
			"resolved": "https://registry.npm.aiiko.club/big-number/-/big-number-2.0.0.tgz",
			"integrity": "sha512-C67Su0g+XsmXADX/UM9L/+xSbqqwq0D/qGJs2ky6Noy2FDuCZnC38ZSXODiaBvqWma2VYRZEXgm4H74PS6tCDg==",
			"license": "MIT"
		},
		"node_modules/blueimp-md5": {
			"version": "2.19.0",
			"resolved": "https://registry.npm.aiiko.club/blueimp-md5/-/blueimp-md5-2.19.0.tgz",
			"integrity": "sha512-DRQrD6gJyy8FbiE4s+bDoXS9hiW3Vbx5uCdwvcCf3zLHL+Iv7LtGHLpr+GZV8rHG8tK766FGYBwRbu8pELTt+w==",
			"license": "MIT"
		},
		"node_modules/crypto-js": {
			"version": "4.1.1",
			"resolved": "https://registry.npm.aiiko.club/crypto-js/-/crypto-js-4.1.1.tgz",
			"integrity": "sha512-o2JlM7ydqd3Qk9CA0L4NL6mTzU2sdx96a+oOfPu8Mkl/PK51vSyoi8/rQ8NknZtk44vq15lmhAj9CIAGwgeWKw==",
			"license": "MIT"
		},
		"node_modules/jsrsasign": {
			"version": "10.5.1",
			"resolved": "https://registry.npm.aiiko.club/jsrsasign/-/jsrsasign-10.5.1.tgz",
			"integrity": "sha512-yW0fq87KNZFw4Pn5ySllXs3ztZAROQZczEheKZTqmiNpCe/Xj9r5NhuAQ7MXTOyEZGJ/+MPHGTsfbgPFaLpwHQ==",
			"license": "MIT",
			"funding": {
				"url": "https://github.com/kjur/jsrsasign#donations"
			}
		},
		"node_modules/ua-parser-js": {
			"version": "1.0.2",
			"resolved": "https://registry.npm.aiiko.club/ua-parser-js/-/ua-parser-js-1.0.2.tgz",
			"integrity": "sha512-00y/AXhx0/SsnI51fTc0rLRmafiGOM4/O+ny10Ps7f+j/b8p/ZY11ytMgznXkOVo4GQ+KwQG5UQLkLGirsACRg==",
			"funding": [
				{
					"type": "opencollective",
					"url": "https://opencollective.com/ua-parser-js"
				},
				{
					"type": "paypal",
					"url": "https://paypal.me/faisalman"
				}
			],
			"license": "MIT",
			"engines": {
				"node": "*"
			}
		}
	},
	"dependencies": {
		"@types/blueimp-md5": {
			"version": "2.18.0",
			"resolved": "https://registry.npm.aiiko.club/@types%2fblueimp-md5/-/blueimp-md5-2.18.0.tgz",
			"integrity": "sha512-f4A+++lGZGJvVSgeyMkqA7BEf2BVQli6F+qEykKb49c5ieWQBkfpn6CP5c1IZr2Yi2Ofl6Fj+v0e1fN18Z8Cnw==",
			"dev": true
		},
		"@types/ua-parser-js": {
			"version": "0.7.36",
			"resolved": "https://registry.npm.aiiko.club/@types%2fua-parser-js/-/ua-parser-js-0.7.36.tgz",
			"integrity": "sha512-N1rW+njavs70y2cApeIw1vLMYXRwfBy+7trgavGuuTfOd7j1Yh7QTRc/yqsPl6ncokt72ZXuxEU0PiCp9bSwNQ==",
			"dev": true
		},
		"big-number": {
			"version": "2.0.0",
			"resolved": "https://registry.npm.aiiko.club/big-number/-/big-number-2.0.0.tgz",
			"integrity": "sha512-C67Su0g+XsmXADX/UM9L/+xSbqqwq0D/qGJs2ky6Noy2FDuCZnC38ZSXODiaBvqWma2VYRZEXgm4H74PS6tCDg=="
		},
		"blueimp-md5": {
			"version": "2.19.0",
			"resolved": "https://registry.npm.aiiko.club/blueimp-md5/-/blueimp-md5-2.19.0.tgz",
			"integrity": "sha512-DRQrD6gJyy8FbiE4s+bDoXS9hiW3Vbx5uCdwvcCf3zLHL+Iv7LtGHLpr+GZV8rHG8tK766FGYBwRbu8pELTt+w=="
		},
		"crypto-js": {
			"version": "4.1.1",
			"resolved": "https://registry.npm.aiiko.club/crypto-js/-/crypto-js-4.1.1.tgz",
			"integrity": "sha512-o2JlM7ydqd3Qk9CA0L4NL6mTzU2sdx96a+oOfPu8Mkl/PK51vSyoi8/rQ8NknZtk44vq15lmhAj9CIAGwgeWKw=="
		},
		"jsrsasign": {
			"version": "10.5.1",
			"resolved": "https://registry.npm.aiiko.club/jsrsasign/-/jsrsasign-10.5.1.tgz",
			"integrity": "sha512-yW0fq87KNZFw4Pn5ySllXs3ztZAROQZczEheKZTqmiNpCe/Xj9r5NhuAQ7MXTOyEZGJ/+MPHGTsfbgPFaLpwHQ=="
		},
		"ua-parser-js": {
			"version": "1.0.2",
			"resolved": "https://registry.npm.aiiko.club/ua-parser-js/-/ua-parser-js-1.0.2.tgz",
			"integrity": "sha512-00y/AXhx0/SsnI51fTc0rLRmafiGOM4/O+ny10Ps7f+j/b8p/ZY11ytMgznXkOVo4GQ+KwQG5UQLkLGirsACRg=="
		}
	}
}
