github.com/cherrai/dhkea-go v1.0.0 h1:diZF5CtHjgDdZOd7ReYF5BMs80XBsw1xqidt4Yz8JVg=
github.com/cherrai/dhkea-go v1.0.0/go.mod h1:dgOMMQRrbBsIFBZEn0tdV7SQJfNjO35RO8B8TYXcDk4=
github.com/cherrai/nyanyago-utils v1.0.5 h1:Z6gRcXL9+f0XfPGTz0MY424NV43O5maR9M5SRbbeOaY=
github.com/cherrai/nyanyago-utils v1.0.5/go.mod h1:KXSbyf7JBhBQlcQDqV/qerizS+RJXLUSIY0QxMHWTlE=
github.com/mozillazg/go-pinyin v0.19.0 h1:p+J8/kjJ558KPvVGYLvqBhxf8jbZA2exSLCs2uUVN8c=
github.com/mozillazg/go-pinyin v0.19.0/go.mod h1:iR4EnMMRXkfpFVV5FMi4FNB6wGq9NV6uDWbUuPhP4Yc=
github.com/nfnt/resize v0.0.0-20180221191011-83c6a9932646 h1:zYyBkD/k9seD2A7fsi6Oo2LfFZAehjjQMERAvZLEDnQ=
github.com/nfnt/resize v0.0.0-20180221191011-83c6a9932646/go.mod h1:jpp1/29i3P1S/RLdc7JQKbRpFeM1dOBd8T9ki5s+AY8=
github.com/rwcarlsen/goexif v0.0.0-20190401172101-9e8deecbddbd h1:CmH9+J6ZSsIjUK3dcGsnCnO41eRBOnY12zwkn5qVwgc=
github.com/rwcarlsen/goexif v0.0.0-20190401172101-9e8deecbddbd/go.mod h1:hPqNNc0+uJM6H+SuU8sEs5K5IQeKccPqeSjfgcKGgPk=
golang.org/x/exp v0.0.0-20230202163644-54bba9f4231b h1:EqBVA+nNsObCwQoBEHy4wLU0pi7i8a4AL3pbItPdPkE=
golang.org/x/exp v0.0.0-20230202163644-54bba9f4231b/go.mod h1:CxIveKay+FTh1D0yPZemJVgC/95VzuuOLq5Qi4xnoYc=
